
Microsoft Visual Studio Solution File, Format Version 12.00
# Visual Studio Version 17
VisualStudioVersion = 17.2.32630.192
MinimumVisualStudioVersion = 10.0.40219.1
Project("{9A19103F-16F7-4668-BE54-9A1E7A4F7556}") = "DemoProject_Server", "DemoProject_Server\DemoProject_Server.csproj", "{34284A7E-1C22-4911-BBF0-7F154088C249}"
EndProject
Project("{9A19103F-16F7-4668-BE54-9A1E7A4F7556}") = "DemoProject_Client", "DemoProject_Client\DemoProject_Client.csproj", "{6FCB74D6-FCB1-43E7-B9F7-234088B15A8D}"
EndProject
Project("{FAE04EC0-301F-11D3-BF4B-00C04F79EFBC}") = "DemoProject_Models", "DemoProject_Models\DemoProject_Models.csproj", "{45CA23DA-24AC-44D1-84E6-8DD57B83CE9A}"
EndProject
Global
	GlobalSection(SolutionConfigurationPlatforms) = preSolution
		Debug|Any CPU = Debug|Any CPU
		Release|Any CPU = Release|Any CPU
	EndGlobalSection
	GlobalSection(ProjectConfigurationPlatforms) = postSolution
		{34284A7E-1C22-4911-BBF0-7F154088C249}.Debug|Any CPU.ActiveCfg = Debug|Any CPU
		{34284A7E-1C22-4911-BBF0-7F154088C249}.Debug|Any CPU.Build.0 = Debug|Any CPU
		{34284A7E-1C22-4911-BBF0-7F154088C249}.Release|Any CPU.ActiveCfg = Release|Any CPU
		{34284A7E-1C22-4911-BBF0-7F154088C249}.Release|Any CPU.Build.0 = Release|Any CPU
		{6FCB74D6-FCB1-43E7-B9F7-234088B15A8D}.Debug|Any CPU.ActiveCfg = Debug|Any CPU
		{6FCB74D6-FCB1-43E7-B9F7-234088B15A8D}.Debug|Any CPU.Build.0 = Debug|Any CPU
		{6FCB74D6-FCB1-43E7-B9F7-234088B15A8D}.Release|Any CPU.ActiveCfg = Release|Any CPU
		{6FCB74D6-FCB1-43E7-B9F7-234088B15A8D}.Release|Any CPU.Build.0 = Release|Any CPU
		{45CA23DA-24AC-44D1-84E6-8DD57B83CE9A}.Debug|Any CPU.ActiveCfg = Debug|Any CPU
		{45CA23DA-24AC-44D1-84E6-8DD57B83CE9A}.Debug|Any CPU.Build.0 = Debug|Any CPU
		{45CA23DA-24AC-44D1-84E6-8DD57B83CE9A}.Release|Any CPU.ActiveCfg = Release|Any CPU
		{45CA23DA-24AC-44D1-84E6-8DD57B83CE9A}.Release|Any CPU.Build.0 = Release|Any CPU
	EndGlobalSection
	GlobalSection(SolutionProperties) = preSolution
		HideSolutionNode = FALSE
	EndGlobalSection
	GlobalSection(ExtensibilityGlobals) = postSolution
		SolutionGuid = {8D48DE61-8C22-4841-BC52-63065BE2B140}
	EndGlobalSection
EndGlobal
